{
  "version": 4,
  "terraform_version": "1.0.11",
  "serial": 3,
  "lineage": "78d4fe22-43c2-d856-35ab-8865b49a38b3",
  "outputs": {
    "static_web_app_default_host_name": {
      "value": "delightful-river-0b4654b00.5.azurestaticapps.net",
      "type": "string"
    },
    "static_web_app_id": {
      "value": "/subscriptions/bf3170af-3d60-49a6-bb8a-ef8275156980/resourceGroups/karn-rg-sand/providers/Microsoft.Web/staticSites/karn-static-webapp-sand",
      "type": "string"
    }
  },
  "resources": [
    {
      "mode": "managed",
      "type": "azurerm_resource_group",
      "name": "rg",
      "provider": "provider[\"registry.terraform.io/hashicorp/azurerm\"]",
      "instances": [
        {
          "schema_version": 0,
          "attributes": {
            "id": "/subscriptions/bf3170af-3d60-49a6-bb8a-ef8275156980/resourceGroups/karn-rg-sand",
            "location": "eastasia",
            "managed_by": "",
            "name": "karn-rg-sand",
            "tags": null,
            "timeouts": null
          },
          "sensitive_attributes": [],
          "private": "eyJlMmJmYjczMC1lY2FhLTExZTYtOGY4OC0zNDM2M2JjN2M0YzAiOnsiY3JlYXRlIjo1NDAwMDAwMDAwMDAwLCJkZWxldGUiOjU0MDAwMDAwMDAwMDAsInJlYWQiOjMwMDAwMDAwMDAwMCwidXBkYXRlIjo1NDAwMDAwMDAwMDAwfX0="
        }
      ]
    },
    {
      "mode": "managed",
      "type": "azurerm_static_web_app",
      "name": "static_web_app",
      "provider": "provider[\"registry.terraform.io/hashicorp/azurerm\"]",
      "instances": [
        {
          "schema_version": 0,
          "attributes": {
            "api_key": "77a817934e26313a569519ad43245176c301478ceed268c6227fe4a30c6234d55-71d35e7b-4e67-4671-9c45-5b90d2a7c8ae000256224",
            "app_settings": null,
            "basic_auth": [],
            "configuration_file_changes_enabled": true,
            "default_host_name": "delightful-river-0b4654b00.5.azurestaticapps.net",
            "id": "/subscriptions/bf3170af-3d60-49a6-bb8a-ef8275156980/resourceGroups/karn-rg-sand/providers/Microsoft.Web/staticSites/karn-static-webapp-sand",
            "identity": [],
            "location": "eastasia",
            "name": "karn-static-webapp-sand",
            "preview_environments_enabled": true,
            "resource_group_name": "karn-rg-sand",
            "sku_size": "Free",
            "sku_tier": "Free",
            "tags": null,
            "timeouts": null
          },
          "sensitive_attributes": [],
          "private": "eyJlMmJmYjczMC1lY2FhLTExZTYtOGY4OC0zNDM2M2JjN2M0YzAiOnsiY3JlYXRlIjoxODAwMDAwMDAwMDAwLCJkZWxldGUiOjE4MDAwMDAwMDAwMDAsInJlYWQiOjMwMDAwMDAwMDAwMCwidXBkYXRlIjoxODAwMDAwMDAwMDAwfX0=",
          "dependencies": [
            "azurerm_resource_group.rg"
          ]
        }
      ]
    }
  ]
}
